// !$*UTF8*$!
{
	archiveVersion = 1;
	classes = {
	};
	objectVersion = 46;
	objects = {

/* Begin PBXBuildFile section */
		2D1134FB156B0189000AC6DA /* NSDate+FuzzyTimeAdditions.m in Sources */ = {isa = PBXBuildFile; fileRef = 2D1134FA156B0189000AC6DA /* NSDate+FuzzyTimeAdditions.m */; };
		2D6DDE6415658DE600AFE5D3 /* UIKit.framework in Frameworks */ = {isa = PBXBuildFile; fileRef = 2D6DDE6315658DE600AFE5D3 /* UIKit.framework */; };
		2D6DDE6615658DE600AFE5D3 /* Foundation.framework in Frameworks */ = {isa = PBXBuildFile; fileRef = 2D6DDE6515658DE600AFE5D3 /* Foundation.framework */; };
		2D6DDE6815658DE600AFE5D3 /* CoreGraphics.framework in Frameworks */ = {isa = PBXBuildFile; fileRef = 2D6DDE6715658DE600AFE5D3 /* CoreGraphics.framework */; };
		2D6DDE6E15658DE600AFE5D3 /* InfoPlist.strings in Resources */ = {isa = PBXBuildFile; fileRef = 2D6DDE6C15658DE600AFE5D3 /* InfoPlist.strings */; };
		2D6DDE7115658DE600AFE5D3 /* main.m in Sources */ = {isa = PBXBuildFile; fileRef = 2D6DDE7015658DE600AFE5D3 /* main.m */; };
		2D6DDE7415658DE600AFE5D3 /* AppDelegate.m in Sources */ = {isa = PBXBuildFile; fileRef = 2D6DDE7315658DE600AFE5D3 /* AppDelegate.m */; };
		2D6DE0281565979C00AFE5D3 /* CoreLocation.framework in Frameworks */ = {isa = PBXBuildFile; fileRef = 2D6DE0271565979C00AFE5D3 /* CoreLocation.framework */; };
		2D79B26F156A421C00E2AF76 /* CrashReporter.framework in Frameworks */ = {isa = PBXBuildFile; fileRef = 2D79B26E156A421C00E2AF76 /* CrashReporter.framework */; };
		2D79B271156A429A00E2AF76 /* Security.framework in Frameworks */ = {isa = PBXBuildFile; fileRef = 2D79B270156A429A00E2AF76 /* Security.framework */; };
		2D79B273156A42B100E2AF76 /* SystemConfiguration.framework in Frameworks */ = {isa = PBXBuildFile; fileRef = 2D79B272156A42B100E2AF76 /* SystemConfiguration.framework */; };
		2D79B277156A43BC00E2AF76 /* CETweetViewController.m in Sources */ = {isa = PBXBuildFile; fileRef = 2D79B276156A43BC00E2AF76 /* CETweetViewController.m */; };
		2D79B27B156A449A00E2AF76 /* CELoadMoreCell.m in Sources */ = {isa = PBXBuildFile; fileRef = 2D79B27A156A449A00E2AF76 /* CELoadMoreCell.m */; };
		2D79B27E156A44A800E2AF76 /* CETweetCell.m in Sources */ = {isa = PBXBuildFile; fileRef = 2D79B27D156A44A800E2AF76 /* CETweetCell.m */; };
		2D79B282156A44DC00E2AF76 /* CETweet.m in Sources */ = {isa = PBXBuildFile; fileRef = 2D79B281156A44DC00E2AF76 /* CETweet.m */; };
		2D79B286156A458B00E2AF76 /* CEAPIManager.m in Sources */ = {isa = PBXBuildFile; fileRef = 2D79B285156A458B00E2AF76 /* CEAPIManager.m */; };
		2D79B288156A4F4300E2AF76 /* HPUtils.framework in Frameworks */ = {isa = PBXBuildFile; fileRef = 2D79B287156A4F4300E2AF76 /* HPUtils.framework */; };
/* End PBXBuildFile section */

/* Begin PBXFileReference section */
		2D1134F9156B0189000AC6DA /* NSDate+FuzzyTimeAdditions.h */ = {isa = PBXFileReference; fileEncoding = 4; lastKnownFileType = sourcecode.c.h; path = "NSDate+FuzzyTimeAdditions.h"; sourceTree = "<group>"; };
		2D1134FA156B0189000AC6DA /* NSDate+FuzzyTimeAdditions.m */ = {isa = PBXFileReference; fileEncoding = 4; lastKnownFileType = sourcecode.c.objc; path = "NSDate+FuzzyTimeAdditions.m"; sourceTree = "<group>"; };
		2D6DDE5F15658DE600AFE5D3 /* ios-demo.app */ = {isa = PBXFileReference; explicitFileType = wrapper.application; includeInIndex = 0; path = "ios-demo.app"; sourceTree = BUILT_PRODUCTS_DIR; };
		2D6DDE6315658DE600AFE5D3 /* UIKit.framework */ = {isa = PBXFileReference; lastKnownFileType = wrapper.framework; name = UIKit.framework; path = System/Library/Frameworks/UIKit.framework; sourceTree = SDKROOT; };
		2D6DDE6515658DE600AFE5D3 /* Foundation.framework */ = {isa = PBXFileReference; lastKnownFileType = wrapper.framework; name = Foundation.framework; path = System/Library/Frameworks/Foundation.framework; sourceTree = SDKROOT; };
		2D6DDE6715658DE600AFE5D3 /* CoreGraphics.framework */ = {isa = PBXFileReference; lastKnownFileType = wrapper.framework; name = CoreGraphics.framework; path = System/Library/Frameworks/CoreGraphics.framework; sourceTree = SDKROOT; };
		2D6DDE6B15658DE600AFE5D3 /* ios-demo-Info.plist */ = {isa = PBXFileReference; lastKnownFileType = text.plist.xml; path = "ios-demo-Info.plist"; sourceTree = "<group>"; };
		2D6DDE6D15658DE600AFE5D3 /* en */ = {isa = PBXFileReference; lastKnownFileType = text.plist.strings; name = en; path = en.lproj/InfoPlist.strings; sourceTree = "<group>"; };
		2D6DDE6F15658DE600AFE5D3 /* Prefix.pch */ = {isa = PBXFileReference; lastKnownFileType = sourcecode.c.h; path = Prefix.pch; sourceTree = "<group>"; };
		2D6DDE7015658DE600AFE5D3 /* main.m */ = {isa = PBXFileReference; lastKnownFileType = sourcecode.c.objc; path = main.m; sourceTree = "<group>"; };
		2D6DDE7215658DE600AFE5D3 /* AppDelegate.h */ = {isa = PBXFileReference; lastKnownFileType = sourcecode.c.h; path = AppDelegate.h; sourceTree = "<group>"; };
		2D6DDE7315658DE600AFE5D3 /* AppDelegate.m */ = {isa = PBXFileReference; lastKnownFileType = sourcecode.c.objc; path = AppDelegate.m; sourceTree = "<group>"; };
		2D6DE0271565979C00AFE5D3 /* CoreLocation.framework */ = {isa = PBXFileReference; lastKnownFileType = wrapper.framework; name = CoreLocation.framework; path = System/Library/Frameworks/CoreLocation.framework; sourceTree = SDKROOT; };
		2D79B26E156A421C00E2AF76 /* CrashReporter.framework */ = {isa = PBXFileReference; lastKnownFileType = wrapper.framework; path = CrashReporter.framework; sourceTree = "<group>"; };
		2D79B270156A429A00E2AF76 /* Security.framework */ = {isa = PBXFileReference; lastKnownFileType = wrapper.framework; name = Security.framework; path = System/Library/Frameworks/Security.framework; sourceTree = SDKROOT; };
		2D79B272156A42B100E2AF76 /* SystemConfiguration.framework */ = {isa = PBXFileReference; lastKnownFileType = wrapper.framework; name = SystemConfiguration.framework; path = System/Library/Frameworks/SystemConfiguration.framework; sourceTree = SDKROOT; };
		2D79B275156A43BC00E2AF76 /* CETweetViewController.h */ = {isa = PBXFileReference; fileEncoding = 4; lastKnownFileType = sourcecode.c.h; path = CETweetViewController.h; sourceTree = "<group>"; };
		2D79B276156A43BC00E2AF76 /* CETweetViewController.m */ = {isa = PBXFileReference; fileEncoding = 4; lastKnownFileType = sourcecode.c.objc; path = CETweetViewController.m; sourceTree = "<group>"; };
		2D79B279156A449A00E2AF76 /* CELoadMoreCell.h */ = {isa = PBXFileReference; fileEncoding = 4; lastKnownFileType = sourcecode.c.h; path = CELoadMoreCell.h; sourceTree = "<group>"; };
		2D79B27A156A449A00E2AF76 /* CELoadMoreCell.m */ = {isa = PBXFileReference; fileEncoding = 4; lastKnownFileType = sourcecode.c.objc; path = CELoadMoreCell.m; sourceTree = "<group>"; };
		2D79B27C156A44A800E2AF76 /* CETweetCell.h */ = {isa = PBXFileReference; fileEncoding = 4; lastKnownFileType = sourcecode.c.h; path = CETweetCell.h; sourceTree = "<group>"; };
		2D79B27D156A44A800E2AF76 /* CETweetCell.m */ = {isa = PBXFileReference; fileEncoding = 4; lastKnownFileType = sourcecode.c.objc; path = CETweetCell.m; sourceTree = "<group>"; };
		2D79B280156A44DC00E2AF76 /* CETweet.h */ = {isa = PBXFileReference; fileEncoding = 4; lastKnownFileType = sourcecode.c.h; path = CETweet.h; sourceTree = "<group>"; };
		2D79B281156A44DC00E2AF76 /* CETweet.m */ = {isa = PBXFileReference; fileEncoding = 4; lastKnownFileType = sourcecode.c.objc; path = CETweet.m; sourceTree = "<group>"; };
		2D79B284156A458B00E2AF76 /* CEAPIManager.h */ = {isa = PBXFileReference; fileEncoding = 4; lastKnownFileType = sourcecode.c.h; path = CEAPIManager.h; sourceTree = "<group>"; };
		2D79B285156A458B00E2AF76 /* CEAPIManager.m */ = {isa = PBXFileReference; fileEncoding = 4; lastKnownFileType = sourcecode.c.objc; path = CEAPIManager.m; sourceTree = "<group>"; };
		2D79B287156A4F4300E2AF76 /* HPUtils.framework */ = {isa = PBXFileReference; lastKnownFileType = wrapper.framework; name = HPUtils.framework; path = Dependencies/HPUtils.framework; sourceTree = "<group>"; };
/* End PBXFileReference section */

/* Begin PBXFrameworksBuildPhase section */
		2D6DDE5C15658DE600AFE5D3 /* Frameworks */ = {
			isa = PBXFrameworksBuildPhase;
			buildActionMask = 2147483647;
			files = (
				2D79B273156A42B100E2AF76 /* SystemConfiguration.framework in Frameworks */,
				2D79B271156A429A00E2AF76 /* Security.framework in Frameworks */,
				2D6DE0281565979C00AFE5D3 /* CoreLocation.framework in Frameworks */,
				2D6DDE6415658DE600AFE5D3 /* UIKit.framework in Frameworks */,
				2D6DDE6615658DE600AFE5D3 /* Foundation.framework in Frameworks */,
				2D6DDE6815658DE600AFE5D3 /* CoreGraphics.framework in Frameworks */,
				2D79B26F156A421C00E2AF76 /* CrashReporter.framework in Frameworks */,
				2D79B288156A4F4300E2AF76 /* HPUtils.framework in Frameworks */,
			);
			runOnlyForDeploymentPostprocessing = 0;
		};
/* End PBXFrameworksBuildPhase section */

/* Begin PBXGroup section */
		2D6DDE5415658DE600AFE5D3 = {
			isa = PBXGroup;
			children = (
				2D6DDE6A15658DE600AFE5D3 /* Supporting Files */,
				2D6DDE6915658DE600AFE5D3 /* Classes */,
				2D6DDE6215658DE600AFE5D3 /* Frameworks */,
				2D6DDE6015658DE600AFE5D3 /* Products */,
			);
			sourceTree = "<group>";
		};
		2D6DDE6015658DE600AFE5D3 /* Products */ = {
			isa = PBXGroup;
			children = (
				2D6DDE5F15658DE600AFE5D3 /* ios-demo.app */,
			);
			name = Products;
			sourceTree = "<group>";
		};
		2D6DDE6215658DE600AFE5D3 /* Frameworks */ = {
			isa = PBXGroup;
			children = (
				2D79B287156A4F4300E2AF76 /* HPUtils.framework */,
				2D79B26E156A421C00E2AF76 /* CrashReporter.framework */,
				2D79B272156A42B100E2AF76 /* SystemConfiguration.framework */,
				2D79B270156A429A00E2AF76 /* Security.framework */,
				2D6DE0271565979C00AFE5D3 /* CoreLocation.framework */,
				2D6DDE6315658DE600AFE5D3 /* UIKit.framework */,
				2D6DDE6515658DE600AFE5D3 /* Foundation.framework */,
				2D6DDE6715658DE600AFE5D3 /* CoreGraphics.framework */,
			);
			name = Frameworks;
			sourceTree = "<group>";
		};
		2D6DDE6915658DE600AFE5D3 /* Classes */ = {
			isa = PBXGroup;
			children = (
				2D79B283156A457A00E2AF76 /* Manager */,
				2D79B27F156A44C300E2AF76 /* Model */,
				2D79B278156A445400E2AF76 /* View */,
				2D79B274156A439500E2AF76 /* Controller */,
				2D6DDE7215658DE600AFE5D3 /* AppDelegate.h */,
				2D6DDE7315658DE600AFE5D3 /* AppDelegate.m */,
			);
			name = Classes;
			path = "ios-demo";
			sourceTree = "<group>";
		};
		2D6DDE6A15658DE600AFE5D3 /* Supporting Files */ = {
			isa = PBXGroup;
			children = (
				2D6DDE6B15658DE600AFE5D3 /* ios-demo-Info.plist */,
				2D6DDE6C15658DE600AFE5D3 /* InfoPlist.strings */,
				2D6DDE6F15658DE600AFE5D3 /* Prefix.pch */,
				2D6DDE7015658DE600AFE5D3 /* main.m */,
			);
			name = "Supporting Files";
			path = "ios-demo";
			sourceTree = "<group>";
		};
		2D79B274156A439500E2AF76 /* Controller */ = {
			isa = PBXGroup;
			children = (
				2D79B275156A43BC00E2AF76 /* CETweetViewController.h */,
				2D79B276156A43BC00E2AF76 /* CETweetViewController.m */,
			);
			name = Controller;
			sourceTree = "<group>";
		};
		2D79B278156A445400E2AF76 /* View */ = {
			isa = PBXGroup;
			children = (
				2D79B279156A449A00E2AF76 /* CELoadMoreCell.h */,
				2D79B27A156A449A00E2AF76 /* CELoadMoreCell.m */,
				2D79B27C156A44A800E2AF76 /* CETweetCell.h */,
				2D79B27D156A44A800E2AF76 /* CETweetCell.m */,
			);
			name = View;
			sourceTree = "<group>";
		};
		2D79B27F156A44C300E2AF76 /* Model */ = {
			isa = PBXGroup;
			children = (
				2D79B280156A44DC00E2AF76 /* CETweet.h */,
				2D79B281156A44DC00E2AF76 /* CETweet.m */,
				2D1134F9156B0189000AC6DA /* NSDate+FuzzyTimeAdditions.h */,
				2D1134FA156B0189000AC6DA /* NSDate+FuzzyTimeAdditions.m */,
			);
			name = Model;
			sourceTree = "<group>";
		};
		2D79B283156A457A00E2AF76 /* Manager */ = {
			isa = PBXGroup;
			children = (
				2D79B284156A458B00E2AF76 /* CEAPIManager.h */,
				2D79B285156A458B00E2AF76 /* CEAPIManager.m */,
			);
			name = Manager;
			sourceTree = "<group>";
		};
/* End PBXGroup section */

/* Begin PBXNativeTarget section */
		2D6DDE5E15658DE600AFE5D3 /* ios-demo */ = {
			isa = PBXNativeTarget;
			buildConfigurationList = 2D6DDE7A15658DE600AFE5D3 /* Build configuration list for PBXNativeTarget "ios-demo" */;
			buildPhases = (
				2D6DDE5B15658DE600AFE5D3 /* Sources */,
				2D6DDE5C15658DE600AFE5D3 /* Frameworks */,
				2D6DDE5D15658DE600AFE5D3 /* Resources */,
			);
			buildRules = (
			);
			dependencies = (
			);
			name = "ios-demo";
			productName = "ios-demo";
			productReference = 2D6DDE5F15658DE600AFE5D3 /* ios-demo.app */;
			productType = "com.apple.product-type.application";
		};
/* End PBXNativeTarget section */

/* Begin PBXProject section */
		2D6DDE5615658DE600AFE5D3 /* Project object */ = {
			isa = PBXProject;
			buildConfigurationList = 2D6DDE5915658DE600AFE5D3 /* Build configuration list for PBXProject "ios-demo" */;
			compatibilityVersion = "Xcode 3.2";
			developmentRegion = English;
			hasScannedForEncodings = 0;
			knownRegions = (
				en,
			);
			mainGroup = 2D6DDE5415658DE600AFE5D3;
			productRefGroup = 2D6DDE6015658DE600AFE5D3 /* Products */;
			projectDirPath = "";
			projectRoot = "";
			targets = (
				2D6DDE5E15658DE600AFE5D3 /* ios-demo */,
			);
		};
/* End PBXProject section */

/* Begin PBXResourcesBuildPhase section */
		2D6DDE5D15658DE600AFE5D3 /* Resources */ = {
			isa = PBXResourcesBuildPhase;
			buildActionMask = 2147483647;
			files = (
				2D6DDE6E15658DE600AFE5D3 /* InfoPlist.strings in Resources */,
			);
			runOnlyForDeploymentPostprocessing = 0;
		};
/* End PBXResourcesBuildPhase section */

/* Begin PBXSourcesBuildPhase section */
		2D6DDE5B15658DE600AFE5D3 /* Sources */ = {
			isa = PBXSourcesBuildPhase;
			buildActionMask = 2147483647;
			files = (
				2D6DDE7115658DE600AFE5D3 /* main.m in Sources */,
				2D6DDE7415658DE600AFE5D3 /* AppDelegate.m in Sources */,
				2D79B277156A43BC00E2AF76 /* CETweetViewController.m in Sources */,
				2D79B27B156A449A00E2AF76 /* CELoadMoreCell.m in Sources */,
				2D79B27E156A44A800E2AF76 /* CETweetCell.m in Sources */,
				2D79B282156A44DC00E2AF76 /* CETweet.m in Sources */,
				2D79B286156A458B00E2AF76 /* CEAPIManager.m in Sources */,
				2D1134FB156B0189000AC6DA /* NSDate+FuzzyTimeAdditions.m in Sources */,
			);
			runOnlyForDeploymentPostprocessing = 0;
		};
/* End PBXSourcesBuildPhase section */

/* Begin PBXVariantGroup section */
		2D6DDE6C15658DE600AFE5D3 /* InfoPlist.strings */ = {
			isa = PBXVariantGroup;
			children = (
				2D6DDE6D15658DE600AFE5D3 /* en */,
			);
			name = InfoPlist.strings;
			sourceTree = "<group>";
		};
/* End PBXVariantGroup section */

/* Begin XCBuildConfiguration section */
		2D6DDE7815658DE600AFE5D3 /* Debug */ = {
			isa = XCBuildConfiguration;
			buildSettings = {
				ARCHS = "$(ARCHS_STANDARD_32_BIT)";
				"CODE_SIGN_IDENTITY[sdk=iphoneos*]" = "iPhone Developer";
				FRAMEWORK_SEARCH_PATHS = (
					"$(inherited)",
					"\"$(SRCROOT)/Dependencies\"",
				);
				GCC_C_LANGUAGE_STANDARD = gnu99;
				GCC_OPTIMIZATION_LEVEL = 0;
				GCC_PREPROCESSOR_DEFINITIONS = DEBUG;
				GCC_SYMBOLS_PRIVATE_EXTERN = NO;
				GCC_VERSION = com.apple.compilers.llvmgcc42;
				GCC_WARN_ABOUT_RETURN_TYPE = YES;
				GCC_WARN_UNUSED_VARIABLE = YES;
				IPHONEOS_DEPLOYMENT_TARGET = 4.3;
				OTHER_LDFLAGS = (
					"-ObjC",
					"-all_load",
				);
				SDKROOT = iphoneos4.3;
			};
			name = Debug;
		};
		2D6DDE7915658DE600AFE5D3 /* Release */ = {
			isa = XCBuildConfiguration;
			buildSettings = {
				ARCHS = "$(ARCHS_STANDARD_32_BIT)";
				"CODE_SIGN_IDENTITY[sdk=iphoneos*]" = "iPhone Developer";
				FRAMEWORK_SEARCH_PATHS = (
					"$(inherited)",
					"\"$(SRCROOT)/Dependencies\"",
				);
				GCC_C_LANGUAGE_STANDARD = gnu99;
				GCC_VERSION = com.apple.compilers.llvmgcc42;
				GCC_WARN_ABOUT_RETURN_TYPE = YES;
				GCC_WARN_UNUSED_VARIABLE = YES;
				IPHONEOS_DEPLOYMENT_TARGET = 4.3;
				OTHER_CFLAGS = "-DNS_BLOCK_ASSERTIONS=1";
				OTHER_LDFLAGS = (
					"-ObjC",
					"-all_load",
				);
				SDKROOT = iphoneos4.3;
			};
			name = Release;
		};
		2D6DDE7B15658DE600AFE5D3 /* Debug */ = {
			isa = XCBuildConfiguration;
			buildSettings = {
				ALWAYS_SEARCH_USER_PATHS = NO;
				"CODE_SIGN_IDENTITY[sdk=iphoneos*]" = "";
				COPY_PHASE_STRIP = NO;
				FRAMEWORK_SEARCH_PATHS = (
					"$(inherited)",
					"\"$(SRCROOT)\"",
					"\"$(SRCROOT)/Dependencies\"",
				);
				GCC_DYNAMIC_NO_PIC = NO;
				GCC_PRECOMPILE_PREFIX_HEADER = YES;
				GCC_PREFIX_HEADER = "ios-demo/Prefix.pch";
				INFOPLIST_FILE = "ios-demo/ios-demo-Info.plist";
				PRODUCT_NAME = "$(TARGET_NAME)";
				WRAPPER_EXTENSION = app;
			};
			name = Debug;
		};
		2D6DDE7C15658DE600AFE5D3 /* Release */ = {
			isa = XCBuildConfiguration;
			buildSettings = {
				ALWAYS_SEARCH_USER_PATHS = NO;
				"CODE_SIGN_IDENTITY[sdk=iphoneos*]" = "";
				COPY_PHASE_STRIP = YES;
				FRAMEWORK_SEARCH_PATHS = (
					"$(inherited)",
					"\"$(SRCROOT)\"",
					"\"$(SRCROOT)/Dependencies\"",
				);
				GCC_PRECOMPILE_PREFIX_HEADER = YES;
				GCC_PREFIX_HEADER = "ios-demo/Prefix.pch";
				INFOPLIST_FILE = "ios-demo/ios-demo-Info.plist";
				PRODUCT_NAME = "$(TARGET_NAME)";
				VALIDATE_PRODUCT = YES;
				WRAPPER_EXTENSION = app;
			};
			name = Release;
		};
/* End XCBuildConfiguration section */

/* Begin XCConfigurationList section */
		2D6DDE5915658DE600AFE5D3 /* Build configuration list for PBXProject "ios-demo" */ = {
			isa = XCConfigurationList;
			buildConfigurations = (
				2D6DDE7815658DE600AFE5D3 /* Debug */,
				2D6DDE7915658DE600AFE5D3 /* Release */,
			);
			defaultConfigurationIsVisible = 0;
			defaultConfigurationName = Release;
		};
		2D6DDE7A15658DE600AFE5D3 /* Build configuration list for PBXNativeTarget "ios-demo" */ = {
			isa = XCConfigurationList;
			buildConfigurations = (
				2D6DDE7B15658DE600AFE5D3 /* Debug */,
				2D6DDE7C15658DE600AFE5D3 /* Release */,
			);
			defaultConfigurationIsVisible = 0;
			defaultConfigurationName = Release;
		};
/* End XCConfigurationList section */
	};
	rootObject = 2D6DDE5615658DE600AFE5D3 /* Project object */;
}
